// !$*UTF8*$!
{
	archiveVersion = 1;
	classes = {
	};
	objectVersion = 46;
	objects = {

/* Begin PBXBuildFile section */
		99CB05381CC0639400C07651 /* AppDelegate.swift in Sources */ = {isa = PBXBuildFile; fileRef = 99CB05371CC0639400C07651 /* AppDelegate.swift */; };
		99CB053A1CC0639400C07651 /* ViewController.swift in Sources */ = {isa = PBXBuildFile; fileRef = 99CB05391CC0639400C07651 /* ViewController.swift */; };
		99CB053D1CC0639400C07651 /* Main.storyboard in Resources */ = {isa = PBXBuildFile; fileRef = 99CB053B1CC0639400C07651 /* Main.storyboard */; };
		99CB053F1CC0639400C07651 /* Assets.xcassets in Resources */ = {isa = PBXBuildFile; fileRef = 99CB053E1CC0639400C07651 /* Assets.xcassets */; };
		99CB05421CC0639400C07651 /* LaunchScreen.storyboard in Resources */ = {isa = PBXBuildFile; fileRef = 99CB05401CC0639400C07651 /* LaunchScreen.storyboard */; };
		99CB054D1CC0639400C07651 /* iBeaconTests.swift in Sources */ = {isa = PBXBuildFile; fileRef = 99CB054C1CC0639400C07651 /* iBeaconTests.swift */; };
		99CB05581CC0639400C07651 /* iBeaconUITests.swift in Sources */ = {isa = PBXBuildFile; fileRef = 99CB05571CC0639400C07651 /* iBeaconUITests.swift */; };
/* End PBXBuildFile section */

/* Begin PBXContainerItemProxy section */
		99CB05491CC0639400C07651 /* PBXContainerItemProxy */ = {
			isa = PBXContainerItemProxy;
			containerPortal = 99CB052C1CC0639400C07651 /* Project object */;
			proxyType = 1;
			remoteGlobalIDString = 99CB05331CC0639400C07651;
			remoteInfo = iBeacon;
		};
		99CB05541CC0639400C07651 /* PBXContainerItemProxy */ = {
			isa = PBXContainerItemProxy;
			containerPortal = 99CB052C1CC0639400C07651 /* Project object */;
			proxyType = 1;
			remoteGlobalIDString = 99CB05331CC0639400C07651;
			remoteInfo = iBeacon;
		};
/* End PBXContainerItemProxy section */

/* Begin PBXFileReference section */
		99CB05341CC0639400C07651 /* iBeacon.app */ = {isa = PBXFileReference; explicitFileType = wrapper.application; includeInIndex = 0; path = iBeacon.app; sourceTree = BUILT_PRODUCTS_DIR; };
		99CB05371CC0639400C07651 /* AppDelegate.swift */ = {isa = PBXFileReference; lastKnownFileType = sourcecode.swift; path = AppDelegate.swift; sourceTree = "<group>"; };
		99CB05391CC0639400C07651 /* ViewController.swift */ = {isa = PBXFileReference; lastKnownFileType = sourcecode.swift; path = ViewController.swift; sourceTree = "<group>"; };
		99CB053C1CC0639400C07651 /* Base */ = {isa = PBXFileReference; lastKnownFileType = file.storyboard; name = Base; path = Base.lproj/Main.storyboard; sourceTree = "<group>"; };
		99CB053E1CC0639400C07651 /* Assets.xcassets */ = {isa = PBXFileReference; lastKnownFileType = folder.assetcatalog; path = Assets.xcassets; sourceTree = "<group>"; };
		99CB05411CC0639400C07651 /* Base */ = {isa = PBXFileReference; lastKnownFileType = file.storyboard; name = Base; path = Base.lproj/LaunchScreen.storyboard; sourceTree = "<group>"; };
		99CB05431CC0639400C07651 /* Info.plist */ = {isa = PBXFileReference; lastKnownFileType = text.plist.xml; path = Info.plist; sourceTree = "<group>"; };
		99CB05481CC0639400C07651 /* iBeaconTests.xctest */ = {isa = PBXFileReference; explicitFileType = wrapper.cfbundle; includeInIndex = 0; path = iBeaconTests.xctest; sourceTree = BUILT_PRODUCTS_DIR; };
		99CB054C1CC0639400C07651 /* iBeaconTests.swift */ = {isa = PBXFileReference; lastKnownFileType = sourcecode.swift; path = iBeaconTests.swift; sourceTree = "<group>"; };
		99CB054E1CC0639400C07651 /* Info.plist */ = {isa = PBXFileReference; lastKnownFileType = text.plist.xml; path = Info.plist; sourceTree = "<group>"; };
		99CB05531CC0639400C07651 /* iBeaconUITests.xctest */ = {isa = PBXFileReference; explicitFileType = wrapper.cfbundle; includeInIndex = 0; path = iBeaconUITests.xctest; sourceTree = BUILT_PRODUCTS_DIR; };
		99CB05571CC0639400C07651 /* iBeaconUITests.swift */ = {isa = PBXFileReference; lastKnownFileType = sourcecode.swift; path = iBeaconUITests.swift; sourceTree = "<group>"; };
		99CB05591CC0639400C07651 /* Info.plist */ = {isa = PBXFileReference; lastKnownFileType = text.plist.xml; path = Info.plist; sourceTree = "<group>"; };
/* End PBXFileReference section */

/* Begin PBXFrameworksBuildPhase section */
		99CB05311CC0639400C07651 /* Frameworks */ = {
			isa = PBXFrameworksBuildPhase;
			buildActionMask = 2147483647;
			files = (
			);
			runOnlyForDeploymentPostprocessing = 0;
		};
		99CB05451CC0639400C07651 /* Frameworks */ = {
			isa = PBXFrameworksBuildPhase;
			buildActionMask = 2147483647;
			files = (
			);
			runOnlyForDeploymentPostprocessing = 0;
		};
		99CB05501CC0639400C07651 /* Frameworks */ = {
			isa = PBXFrameworksBuildPhase;
			buildActionMask = 2147483647;
			files = (
			);
			runOnlyForDeploymentPostprocessing = 0;
		};
/* End PBXFrameworksBuildPhase section */

/* Begin PBXGroup section */
		99CB052B1CC0639400C07651 = {
			isa = PBXGroup;
			children = (
				99CB05361CC0639400C07651 /* iBeacon */,
				99CB054B1CC0639400C07651 /* iBeaconTests */,
				99CB05561CC0639400C07651 /* iBeaconUITests */,
				99CB05351CC0639400C07651 /* Products */,
			);
			sourceTree = "<group>";
		};
		99CB05351CC0639400C07651 /* Products */ = {
			isa = PBXGroup;
			children = (
				99CB05341CC0639400C07651 /* iBeacon.app */,
				99CB05481CC0639400C07651 /* iBeaconTests.xctest */,
				99CB05531CC0639400C07651 /* iBeaconUITests.xctest */,
			);
			name = Products;
			sourceTree = "<group>";
		};
		99CB05361CC0639400C07651 /* iBeacon */ = {
			isa = PBXGroup;
			children = (
				99CB05371CC0639400C07651 /* AppDelegate.swift */,
				99CB05391CC0639400C07651 /* ViewController.swift */,
				99CB053B1CC0639400C07651 /* Main.storyboard */,
				99CB053E1CC0639400C07651 /* Assets.xcassets */,
				99CB05401CC0639400C07651 /* LaunchScreen.storyboard */,
				99CB05431CC0639400C07651 /* Info.plist */,
			);
			path = iBeacon;
			sourceTree = "<group>";
		};
		99CB054B1CC0639400C07651 /* iBeaconTests */ = {
			isa = PBXGroup;
			children = (
				99CB054C1CC0639400C07651 /* iBeaconTests.swift */,
				99CB054E1CC0639400C07651 /* Info.plist */,
			);
			path = iBeaconTests;
			sourceTree = "<group>";
		};
		99CB05561CC0639400C07651 /* iBeaconUITests */ = {
			isa = PBXGroup;
			children = (
				99CB05571CC0639400C07651 /* iBeaconUITests.swift */,
				99CB05591CC0639400C07651 /* Info.plist */,
			);
			path = iBeaconUITests;
			sourceTree = "<group>";
		};
/* End PBXGroup section */

/* Begin PBXNativeTarget section */
		99CB05331CC0639400C07651 /* iBeacon */ = {
			isa = PBXNativeTarget;
			buildConfigurationList = 99CB055C1CC0639400C07651 /* Build configuration list for PBXNativeTarget "iBeacon" */;
			buildPhases = (
				99CB05301CC0639400C07651 /* Sources */,
				99CB05311CC0639400C07651 /* Frameworks */,
				99CB05321CC0639400C07651 /* Resources */,
			);
			buildRules = (
			);
			dependencies = (
			);
			name = iBeacon;
			productName = iBeacon;
			productReference = 99CB05341CC0639400C07651 /* iBeacon.app */;
			productType = "com.apple.product-type.application";
		};
		99CB05471CC0639400C07651 /* iBeaconTests */ = {
			isa = PBXNativeTarget;
			buildConfigurationList = 99CB055F1CC0639400C07651 /* Build configuration list for PBXNativeTarget "iBeaconTests" */;
			buildPhases = (
				99CB05441CC0639400C07651 /* Sources */,
				99CB05451CC0639400C07651 /* Frameworks */,
				99CB05461CC0639400C07651 /* Resources */,
			);
			buildRules = (
			);
			dependencies = (
				99CB054A1CC0639400C07651 /* PBXTargetDependency */,
			);
			name = iBeaconTests;
			productName = iBeaconTests;
			productReference = 99CB05481CC0639400C07651 /* iBeaconTests.xctest */;
			productType = "com.apple.product-type.bundle.unit-test";
		};
		99CB05521CC0639400C07651 /* iBeaconUITests */ = {
			isa = PBXNativeTarget;
			buildConfigurationList = 99CB05621CC0639400C07651 /* Build configuration list for PBXNativeTarget "iBeaconUITests" */;
			buildPhases = (
				99CB054F1CC0639400C07651 /* Sources */,
				99CB05501CC0639400C07651 /* Frameworks */,
				99CB05511CC0639400C07651 /* Resources */,
			);
			buildRules = (
			);
			dependencies = (
				99CB05551CC0639400C07651 /* PBXTargetDependency */,
			);
			name = iBeaconUITests;
			productName = iBeaconUITests;
			productReference = 99CB05531CC0639400C07651 /* iBeaconUITests.xctest */;
			productType = "com.apple.product-type.bundle.ui-testing";
		};
/* End PBXNativeTarget section */

/* Begin PBXProject section */
		99CB052C1CC0639400C07651 /* Project object */ = {
			isa = PBXProject;
			attributes = {
				LastSwiftUpdateCheck = 0730;
				LastUpgradeCheck = 0730;
				ORGANIZATIONNAME = "SmartApps India";
				TargetAttributes = {
					99CB05331CC0639400C07651 = {
						CreatedOnToolsVersion = 7.3;
					};
					99CB05471CC0639400C07651 = {
						CreatedOnToolsVersion = 7.3;
						TestTargetID = 99CB05331CC0639400C07651;
					};
					99CB05521CC0639400C07651 = {
						CreatedOnToolsVersion = 7.3;
						TestTargetID = 99CB05331CC0639400C07651;
					};
				};
			};
			buildConfigurationList = 99CB052F1CC0639400C07651 /* Build configuration list for PBXProject "iBeacon" */;
			compatibilityVersion = "Xcode 3.2";
			developmentRegion = English;
			hasScannedForEncodings = 0;
			knownRegions = (
				en,
				Base,
			);
			mainGroup = 99CB052B1CC0639400C07651;
			productRefGroup = 99CB05351CC0639400C07651 /* Products */;
			projectDirPath = "";
			projectRoot = "";
			targets = (
				99CB05331CC0639400C07651 /* iBeacon */,
				99CB05471CC0639400C07651 /* iBeaconTests */,
				99CB05521CC0639400C07651 /* iBeaconUITests */,
			);
		};
/* End PBXProject section */

/* Begin PBXResourcesBuildPhase section */
		99CB05321CC0639400C07651 /* Resources */ = {
			isa = PBXResourcesBuildPhase;
			buildActionMask = 2147483647;
			files = (
				99CB05421CC0639400C07651 /* LaunchScreen.storyboard in Resources */,
				99CB053F1CC0639400C07651 /* Assets.xcassets in Resources */,
				99CB053D1CC0639400C07651 /* Main.storyboard in Resources */,
			);
			runOnlyForDeploymentPostprocessing = 0;
		};
		99CB05461CC0639400C07651 /* Resources */ = {
			isa = PBXResourcesBuildPhase;
			buildActionMask = 2147483647;
			files = (
			);
			runOnlyForDeploymentPostprocessing = 0;
		};
		99CB05511CC0639400C07651 /* Resources */ = {
			isa = PBXResourcesBuildPhase;
			buildActionMask = 2147483647;
			files = (
			);
			runOnlyForDeploymentPostprocessing = 0;
		};
/* End PBXResourcesBuildPhase section */

/* Begin PBXSourcesBuildPhase section */
		99CB05301CC0639400C07651 /* Sources */ = {
			isa = PBXSourcesBuildPhase;
			buildActionMask = 2147483647;
			files = (
				99CB053A1CC0639400C07651 /* ViewController.swift in Sources */,
				99CB05381CC0639400C07651 /* AppDelegate.swift in Sources */,
			);
			runOnlyForDeploymentPostprocessing = 0;
		};
		99CB05441CC0639400C07651 /* Sources */ = {
			isa = PBXSourcesBuildPhase;
			buildActionMask = 2147483647;
			files = (
				99CB054D1CC0639400C07651 /* iBeaconTests.swift in Sources */,
			);
			runOnlyForDeploymentPostprocessing = 0;
		};
		99CB054F1CC0639400C07651 /* Sources */ = {
			isa = PBXSourcesBuildPhase;
			buildActionMask = 2147483647;
			files = (
				99CB05581CC0639400C07651 /* iBeaconUITests.swift in Sources */,
			);
			runOnlyForDeploymentPostprocessing = 0;
		};
/* End PBXSourcesBuildPhase section */

/* Begin PBXTargetDependency section */
		99CB054A1CC0639400C07651 /* PBXTargetDependency */ = {
			isa = PBXTargetDependency;
			target = 99CB05331CC0639400C07651 /* iBeacon */;
			targetProxy = 99CB05491CC0639400C07651 /* PBXContainerItemProxy */;
		};
		99CB05551CC0639400C07651 /* PBXTargetDependency */ = {
			isa = PBXTargetDependency;
			target = 99CB05331CC0639400C07651 /* iBeacon */;
			targetProxy = 99CB05541CC0639400C07651 /* PBXContainerItemProxy */;
		};
/* End PBXTargetDependency section */

/* Begin PBXVariantGroup section */
		99CB053B1CC0639400C07651 /* Main.storyboard */ = {
			isa = PBXVariantGroup;
			children = (
				99CB053C1CC0639400C07651 /* Base */,
			);
			name = Main.storyboard;
			sourceTree = "<group>";
		};
		99CB05401CC0639400C07651 /* LaunchScreen.storyboard */ = {
			isa = PBXVariantGroup;
			children = (
				99CB05411CC0639400C07651 /* Base */,
			);
			name = LaunchScreen.storyboard;
			sourceTree = "<group>";
		};
/* End PBXVariantGroup section */

/* Begin XCBuildConfiguration section */
		99CB055A1CC0639400C07651 /* Debug */ = {
			isa = XCBuildConfiguration;
			buildSettings = {
				ALWAYS_SEARCH_USER_PATHS = NO;
				CLANG_ANALYZER_NONNULL = YES;
				CLANG_CXX_LANGUAGE_STANDARD = "gnu++0x";
				CLANG_CXX_LIBRARY = "libc++";
				CLANG_ENABLE_MODULES = YES;
				CLANG_ENABLE_OBJC_ARC = YES;
				CLANG_WARN_BOOL_CONVERSION = YES;
				CLANG_WARN_CONSTANT_CONVERSION = YES;
				CLANG_WARN_DIRECT_OBJC_ISA_USAGE = YES_ERROR;
				CLANG_WARN_EMPTY_BODY = YES;
				CLANG_WARN_ENUM_CONVERSION = YES;
				CLANG_WARN_INT_CONVERSION = YES;
				CLANG_WARN_OBJC_ROOT_CLASS = YES_ERROR;
				CLANG_WARN_UNREACHABLE_CODE = YES;
				CLANG_WARN__DUPLICATE_METHOD_MATCH = YES;
				"CODE_SIGN_IDENTITY[sdk=iphoneos*]" = "iPhone Developer";
				COPY_PHASE_STRIP = NO;
				DEBUG_INFORMATION_FORMAT = dwarf;
				ENABLE_STRICT_OBJC_MSGSEND = YES;
				ENABLE_TESTABILITY = YES;
				GCC_C_LANGUAGE_STANDARD = gnu99;
				GCC_DYNAMIC_NO_PIC = NO;
				GCC_NO_COMMON_BLOCKS = YES;
				GCC_OPTIMIZATION_LEVEL = 0;
				GCC_PREPROCESSOR_DEFINITIONS = (
					"DEBUG=1",
					"$(inherited)",
				);
				GCC_WARN_64_TO_32_BIT_CONVERSION = YES;
				GCC_WARN_ABOUT_RETURN_TYPE = YES_ERROR;
				GCC_WARN_UNDECLARED_SELECTOR = YES;
				GCC_WARN_UNINITIALIZED_AUTOS = YES_AGGRESSIVE;
				GCC_WARN_UNUSED_FUNCTION = YES;
				GCC_WARN_UNUSED_VARIABLE = YES;
				IPHONEOS_DEPLOYMENT_TARGET = 9.3;
				MTL_ENABLE_DEBUG_INFO = YES;
				ONLY_ACTIVE_ARCH = YES;
				SDKROOT = iphoneos;
				SWIFT_OPTIMIZATION_LEVEL = "-Onone";
				TARGETED_DEVICE_FAMILY = "1,2";
			};
			name = Debug;
		};
		99CB055B1CC0639400C07651 /* Release */ = {
			isa = XCBuildConfiguration;
			buildSettings = {
				ALWAYS_SEARCH_USER_PATHS = NO;
				CLANG_ANALYZER_NONNULL = YES;
				CLANG_CXX_LANGUAGE_STANDARD = "gnu++0x";
				CLANG_CXX_LIBRARY = "libc++";
				CLANG_ENABLE_MODULES = YES;
				CLANG_ENABLE_OBJC_ARC = YES;
				CLANG_WARN_BOOL_CONVERSION = YES;
				CLANG_WARN_CONSTANT_CONVERSION = YES;
				CLANG_WARN_DIRECT_OBJC_ISA_USAGE = YES_ERROR;
				CLANG_WARN_EMPTY_BODY = YES;
				CLANG_WARN_ENUM_CONVERSION = YES;
				CLANG_WARN_INT_CONVERSION = YES;
				CLANG_WARN_OBJC_ROOT_CLASS = YES_ERROR;
				CLANG_WARN_UNREACHABLE_CODE = YES;
				CLANG_WARN__DUPLICATE_METHOD_MATCH = YES;
				"CODE_SIGN_IDENTITY[sdk=iphoneos*]" = "iPhone Developer";
				COPY_PHASE_STRIP = NO;
				DEBUG_INFORMATION_FORMAT = "dwarf-with-dsym";
				ENABLE_NS_ASSERTIONS = NO;
				ENABLE_STRICT_OBJC_MSGSEND = YES;
				GCC_C_LANGUAGE_STANDARD = gnu99;
				GCC_NO_COMMON_BLOCKS = YES;
				GCC_WARN_64_TO_32_BIT_CONVERSION = YES;
				GCC_WARN_ABOUT_RETURN_TYPE = YES_ERROR;
				GCC_WARN_UNDECLARED_SELECTOR = YES;
				GCC_WARN_UNINITIALIZED_AUTOS = YES_AGGRESSIVE;
				GCC_WARN_UNUSED_FUNCTION = YES;
				GCC_WARN_UNUSED_VARIABLE = YES;
				IPHONEOS_DEPLOYMENT_TARGET = 9.3;
				MTL_ENABLE_DEBUG_INFO = NO;
				SDKROOT = iphoneos;
				TARGETED_DEVICE_FAMILY = "1,2";
				VALIDATE_PRODUCT = YES;
			};
			name = Release;
		};
		99CB055D1CC0639400C07651 /* Debug */ = {
			isa = XCBuildConfiguration;
			buildSettings = {
				ASSETCATALOG_COMPILER_APPICON_NAME = AppIcon;
				INFOPLIST_FILE = iBeacon/Info.plist;
				LD_RUNPATH_SEARCH_PATHS = "$(inherited) @executable_path/Frameworks";
				PRODUCT_BUNDLE_IDENTIFIER = com.smartapps.iBeacon;
				PRODUCT_NAME = "$(TARGET_NAME)";
			};
			name = Debug;
		};
		99CB055E1CC0639400C07651 /* Release */ = {
			isa = XCBuildConfiguration;
			buildSettings = {
				ASSETCATALOG_COMPILER_APPICON_NAME = AppIcon;
				INFOPLIST_FILE = iBeacon/Info.plist;
				LD_RUNPATH_SEARCH_PATHS = "$(inherited) @executable_path/Frameworks";
				PRODUCT_BUNDLE_IDENTIFIER = com.smartapps.iBeacon;
				PRODUCT_NAME = "$(TARGET_NAME)";
			};
			name = Release;
		};
		99CB05601CC0639400C07651 /* Debug */ = {
			isa = XCBuildConfiguration;
			buildSettings = {
				BUNDLE_LOADER = "$(TEST_HOST)";
				INFOPLIST_FILE = iBeaconTests/Info.plist;
				LD_RUNPATH_SEARCH_PATHS = "$(inherited) @executable_path/Frameworks @loader_path/Frameworks";
				PRODUCT_BUNDLE_IDENTIFIER = com.smartapps.iBeaconTests;
				PRODUCT_NAME = "$(TARGET_NAME)";
				TEST_HOST = "$(BUILT_PRODUCTS_DIR)/iBeacon.app/iBeacon";
			};
			name = Debug;
		};
		99CB05611CC0639400C07651 /* Release */ = {
			isa = XCBuildConfiguration;
			buildSettings = {
				BUNDLE_LOADER = "$(TEST_HOST)";
				INFOPLIST_FILE = iBeaconTests/Info.plist;
				LD_RUNPATH_SEARCH_PATHS = "$(inherited) @executable_path/Frameworks @loader_path/Frameworks";
				PRODUCT_BUNDLE_IDENTIFIER = com.smartapps.iBeaconTests;
				PRODUCT_NAME = "$(TARGET_NAME)";
				TEST_HOST = "$(BUILT_PRODUCTS_DIR)/iBeacon.app/iBeacon";
			};
			name = Release;
		};
		99CB05631CC0639400C07651 /* Debug */ = {
			isa = XCBuildConfiguration;
			buildSettings = {
				INFOPLIST_FILE = iBeaconUITests/Info.plist;
				LD_RUNPATH_SEARCH_PATHS = "$(inherited) @executable_path/Frameworks @loader_path/Frameworks";
				PRODUCT_BUNDLE_IDENTIFIER = com.smartapps.iBeaconUITests;
				PRODUCT_NAME = "$(TARGET_NAME)";
				TEST_TARGET_NAME = iBeacon;
			};
			name = Debug;
		};
		99CB05641CC0639400C07651 /* Release */ = {
			isa = XCBuildConfiguration;
			buildSettings = {
				INFOPLIST_FILE = iBeaconUITests/Info.plist;
				LD_RUNPATH_SEARCH_PATHS = "$(inherited) @executable_path/Frameworks @loader_path/Frameworks";
				PRODUCT_BUNDLE_IDENTIFIER = com.smartapps.iBeaconUITests;
				PRODUCT_NAME = "$(TARGET_NAME)";
				TEST_TARGET_NAME = iBeacon;
			};
			name = Release;
		};
/* End XCBuildConfiguration section */

/* Begin XCConfigurationList section */
		99CB052F1CC0639400C07651 /* Build configuration list for PBXProject "iBeacon" */ = {
			isa = XCConfigurationList;
			buildConfigurations = (
				99CB055A1CC0639400C07651 /* Debug */,
				99CB055B1CC0639400C07651 /* Release */,
			);
			defaultConfigurationIsVisible = 0;
			defaultConfigurationName = Release;
		};
		99CB055C1CC0639400C07651 /* Build configuration list for PBXNativeTarget "iBeacon" */ = {
			isa = XCConfigurationList;
			buildConfigurations = (
				99CB055D1CC0639400C07651 /* Debug */,
				99CB055E1CC0639400C07651 /* Release */,
			);
			defaultConfigurationIsVisible = 0;
		};
		99CB055F1CC0639400C07651 /* Build configuration list for PBXNativeTarget "iBeaconTests" */ = {
			isa = XCConfigurationList;
			buildConfigurations = (
				99CB05601CC0639400C07651 /* Debug */,
				99CB05611CC0639400C07651 /* Release */,
			);
			defaultConfigurationIsVisible = 0;
		};
		99CB05621CC0639400C07651 /* Build configuration list for PBXNativeTarget "iBeaconUITests" */ = {
			isa = XCConfigurationList;
			buildConfigurations = (
				99CB05631CC0639400C07651 /* Debug */,
				99CB05641CC0639400C07651 /* Release */,
			);
			defaultConfigurationIsVisible = 0;
		};
/* End XCConfigurationList section */
	};
	rootObject = 99CB052C1CC0639400C07651 /* Project object */;
}
